
Microsoft Visual Studio Solution File, Format Version 12.00
# Visual Studio Version 17
VisualStudioVersion = 17.9.34310.174
MinimumVisualStudioVersion = 10.0.40219.1
Project("{9A19103F-16F7-4668-BE54-9A1E7A4F7556}") = "ExpenseTracker", "ExpenseTracker\ExpenseTracker.csproj", "{8138CB3F-E4EC-48AA-87F7-45793BC4D0C3}"
EndProject
Project("{9A19103F-16F7-4668-BE54-9A1E7A4F7556}") = "ExpenseTracker.Client", "ExpenseTracker.Client\ExpenseTracker.Client.csproj", "{474FFA14-2980-443A-AECE-C0C13758CE4F}"
EndProject
Global
	GlobalSection(SolutionConfigurationPlatforms) = preSolution
		Debug|Any CPU = Debug|Any CPU
		Release|Any CPU = Release|Any CPU
	EndGlobalSection
	GlobalSection(ProjectConfigurationPlatforms) = postSolution
		{8138CB3F-E4EC-48AA-87F7-45793BC4D0C3}.Debug|Any CPU.ActiveCfg = Debug|Any CPU
		{8138CB3F-E4EC-48AA-87F7-45793BC4D0C3}.Debug|Any CPU.Build.0 = Debug|Any CPU
		{8138CB3F-E4EC-48AA-87F7-45793BC4D0C3}.Release|Any CPU.ActiveCfg = Release|Any CPU
		{8138CB3F-E4EC-48AA-87F7-45793BC4D0C3}.Release|Any CPU.Build.0 = Release|Any CPU
		{474FFA14-2980-443A-AECE-C0C13758CE4F}.Debug|Any CPU.ActiveCfg = Debug|Any CPU
		{474FFA14-2980-443A-AECE-C0C13758CE4F}.Debug|Any CPU.Build.0 = Debug|Any CPU
		{474FFA14-2980-443A-AECE-C0C13758CE4F}.Release|Any CPU.ActiveCfg = Release|Any CPU
		{474FFA14-2980-443A-AECE-C0C13758CE4F}.Release|Any CPU.Build.0 = Release|Any CPU
	EndGlobalSection
	GlobalSection(SolutionProperties) = preSolution
		HideSolutionNode = FALSE
	EndGlobalSection
	GlobalSection(ExtensibilityGlobals) = postSolution
		SolutionGuid = {7E2044BC-B1A8-4741-B5A8-F18DFD38FB13}
	EndGlobalSection
EndGlobal
